
Microsoft Visual Studio Solution File, Format Version 12.00
# Visual Studio Version 16
VisualStudioVersion = 16.0.29911.84
MinimumVisualStudioVersion = 15.0.26124.0
Project("{9A19103F-16F7-4668-BE54-9A1E7A4F7556}") = "RS.MVC", "RS.MVC\RS.MVC.csproj", "{4A4E9550-720A-4C70-BC3F-C261B08D46D5}"
EndProject
Project("{9A19103F-16F7-4668-BE54-9A1E7A4F7556}") = "RS.COMMON", "RS.COMMON\RS.COMMON.csproj", "{53C502EA-A3A4-4CB5-8E79-FC730136EFD0}"
EndProject
Project("{9A19103F-16F7-4668-BE54-9A1E7A4F7556}") = "RS.EF", "RS.EF\RS.EF.csproj", "{F452976A-6A0C-4FB7-9BC1-2279735C7F84}"
EndProject
Global
	GlobalSection(SolutionConfigurationPlatforms) = preSolution
		Debug|Any CPU = Debug|Any CPU
		Debug|x64 = Debug|x64
		Debug|x86 = Debug|x86
		Release|Any CPU = Release|Any CPU
		Release|x64 = Release|x64
		Release|x86 = Release|x86
	EndGlobalSection
	GlobalSection(ProjectConfigurationPlatforms) = postSolution
		{4A4E9550-720A-4C70-BC3F-C261B08D46D5}.Debug|Any CPU.ActiveCfg = Debug|Any CPU
		{4A4E9550-720A-4C70-BC3F-C261B08D46D5}.Debug|Any CPU.Build.0 = Debug|Any CPU
		{4A4E9550-720A-4C70-BC3F-C261B08D46D5}.Debug|x64.ActiveCfg = Debug|Any CPU
		{4A4E9550-720A-4C70-BC3F-C261B08D46D5}.Debug|x64.Build.0 = Debug|Any CPU
		{4A4E9550-720A-4C70-BC3F-C261B08D46D5}.Debug|x86.ActiveCfg = Debug|Any CPU
		{4A4E9550-720A-4C70-BC3F-C261B08D46D5}.Debug|x86.Build.0 = Debug|Any CPU
		{4A4E9550-720A-4C70-BC3F-C261B08D46D5}.Release|Any CPU.ActiveCfg = Release|Any CPU
		{4A4E9550-720A-4C70-BC3F-C261B08D46D5}.Release|Any CPU.Build.0 = Release|Any CPU
		{4A4E9550-720A-4C70-BC3F-C261B08D46D5}.Release|x64.ActiveCfg = Release|Any CPU
		{4A4E9550-720A-4C70-BC3F-C261B08D46D5}.Release|x64.Build.0 = Release|Any CPU
		{4A4E9550-720A-4C70-BC3F-C261B08D46D5}.Release|x86.ActiveCfg = Release|Any CPU
		{4A4E9550-720A-4C70-BC3F-C261B08D46D5}.Release|x86.Build.0 = Release|Any CPU
		{53C502EA-A3A4-4CB5-8E79-FC730136EFD0}.Debug|Any CPU.ActiveCfg = Debug|Any CPU
		{53C502EA-A3A4-4CB5-8E79-FC730136EFD0}.Debug|Any CPU.Build.0 = Debug|Any CPU
		{53C502EA-A3A4-4CB5-8E79-FC730136EFD0}.Debug|x64.ActiveCfg = Debug|Any CPU
		{53C502EA-A3A4-4CB5-8E79-FC730136EFD0}.Debug|x64.Build.0 = Debug|Any CPU
		{53C502EA-A3A4-4CB5-8E79-FC730136EFD0}.Debug|x86.ActiveCfg = Debug|Any CPU
		{53C502EA-A3A4-4CB5-8E79-FC730136EFD0}.Debug|x86.Build.0 = Debug|Any CPU
		{53C502EA-A3A4-4CB5-8E79-FC730136EFD0}.Release|Any CPU.ActiveCfg = Release|Any CPU
		{53C502EA-A3A4-4CB5-8E79-FC730136EFD0}.Release|Any CPU.Build.0 = Release|Any CPU
		{53C502EA-A3A4-4CB5-8E79-FC730136EFD0}.Release|x64.ActiveCfg = Release|Any CPU
		{53C502EA-A3A4-4CB5-8E79-FC730136EFD0}.Release|x64.Build.0 = Release|Any CPU
		{53C502EA-A3A4-4CB5-8E79-FC730136EFD0}.Release|x86.ActiveCfg = Release|Any CPU
		{53C502EA-A3A4-4CB5-8E79-FC730136EFD0}.Release|x86.Build.0 = Release|Any CPU
		{F452976A-6A0C-4FB7-9BC1-2279735C7F84}.Debug|Any CPU.ActiveCfg = Debug|Any CPU
		{F452976A-6A0C-4FB7-9BC1-2279735C7F84}.Debug|Any CPU.Build.0 = Debug|Any CPU
		{F452976A-6A0C-4FB7-9BC1-2279735C7F84}.Debug|x64.ActiveCfg = Debug|Any CPU
		{F452976A-6A0C-4FB7-9BC1-2279735C7F84}.Debug|x64.Build.0 = Debug|Any CPU
		{F452976A-6A0C-4FB7-9BC1-2279735C7F84}.Debug|x86.ActiveCfg = Debug|Any CPU
		{F452976A-6A0C-4FB7-9BC1-2279735C7F84}.Debug|x86.Build.0 = Debug|Any CPU
		{F452976A-6A0C-4FB7-9BC1-2279735C7F84}.Release|Any CPU.ActiveCfg = Release|Any CPU
		{F452976A-6A0C-4FB7-9BC1-2279735C7F84}.Release|Any CPU.Build.0 = Release|Any CPU
		{F452976A-6A0C-4FB7-9BC1-2279735C7F84}.Release|x64.ActiveCfg = Release|Any CPU
		{F452976A-6A0C-4FB7-9BC1-2279735C7F84}.Release|x64.Build.0 = Release|Any CPU
		{F452976A-6A0C-4FB7-9BC1-2279735C7F84}.Release|x86.ActiveCfg = Release|Any CPU
		{F452976A-6A0C-4FB7-9BC1-2279735C7F84}.Release|x86.Build.0 = Release|Any CPU
	EndGlobalSection
	GlobalSection(SolutionProperties) = preSolution
		HideSolutionNode = FALSE
	EndGlobalSection
	GlobalSection(ExtensibilityGlobals) = postSolution
		SolutionGuid = {B18CA56D-47D3-4608-BBA0-25068D40706A}
	EndGlobalSection
EndGlobal
